
Microsoft Visual Studio Solution File, Format Version 12.00
# Visual Studio Version 17
VisualStudioVersion = 17.7.34031.279
MinimumVisualStudioVersion = 10.0.40219.1
Project("{FAE04EC0-301F-11D3-BF4B-00C04F79EFBC}") = "protoNotePad", "protoNotePad\protoNotePad.csproj", "{DBD5A3C6-5FC0-4D6A-B236-2B448A7725F4}"
EndProject
Global
	GlobalSection(SolutionConfigurationPlatforms) = preSolution
		Debug|Any CPU = Debug|Any CPU
		Release|Any CPU = Release|Any CPU
	EndGlobalSection
	GlobalSection(ProjectConfigurationPlatforms) = postSolution
		{DBD5A3C6-5FC0-4D6A-B236-2B448A7725F4}.Debug|Any CPU.ActiveCfg = Debug|Any CPU
		{DBD5A3C6-5FC0-4D6A-B236-2B448A7725F4}.Debug|Any CPU.Build.0 = Debug|Any CPU
		{DBD5A3C6-5FC0-4D6A-B236-2B448A7725F4}.Release|Any CPU.ActiveCfg = Release|Any CPU
		{DBD5A3C6-5FC0-4D6A-B236-2B448A7725F4}.Release|Any CPU.Build.0 = Release|Any CPU
	EndGlobalSection
	GlobalSection(SolutionProperties) = preSolution
		HideSolutionNode = FALSE
	EndGlobalSection
	GlobalSection(ExtensibilityGlobals) = postSolution
		SolutionGuid = {0888FD23-ECC3-47E4-9161-42EA8B060A48}
	EndGlobalSection
EndGlobal
